<?xml version="1.0" encoding="utf-8"?>
<Project ToolsVersion="4.0" xmlns="http://schemas.microsoft.com/developer/msbuild/2003">
  <ItemGroup>
    <Filter Include="Source Files">
      <UniqueIdentifier>{4FC737F1-C7A5-4376-A066-2A32D752A2FF}</UniqueIdentifier>
      <Extensions>cpp;c;cc;cxx;def;odl;idl;hpj;bat;asm;asmx</Extensions>
    </Filter>
    <Filter Include="Header Files">
      <UniqueIdentifier>{93995380-89BD-4b04-88EB-625FBE52EBFB}</UniqueIdentifier>
      <Extensions>h;hpp;hxx;hm;inl;inc;xsd</Extensions>
    </Filter>
    <Filter Include="Resource Files">
      <UniqueIdentifier>{67DA6AB6-F800-4c08-8B7A-83BB121AAD01}</UniqueIdentifier>
      <Extensions>rc;ico;cur;bmp;dlg;rc2;rct;bin;rgs;gif;jpg;jpeg;jpe;resx;tiff;tif;png;wav;mfcribbon-ms</Extensions>
    </Filter>
    <Filter Include="moc">
      <UniqueIdentifier>{13ee741c-829a-4d96-9087-a6201f2a6bd4}</UniqueIdentifier>
    </Filter>
    <Filter Include="Source Files\Scene Processing">
      <UniqueIdentifier>{6754dbd7-746a-40a5-b2d7-c4d20048c08a}</UniqueIdentifier>
    </Filter>
    <Filter Include="Source Files\Exporter">
      <UniqueIdentifier>{2c070fc5-3e4e-4169-9e84-b2437cec583f}</UniqueIdentifier>
    </Filter>
    <Filter Include="Source Files\Scene Server">
      <UniqueIdentifier>{3aa3c043-3b86-4f2f-bedf-0bd59c9f3306}</UniqueIdentifier>
    </Filter>
  </ItemGroup>
  <ItemGroup>
    <ClInclude Include="targetver.h">
      <Filter>Header Files</Filter>
    </ClInclude>
    <ClInclude Include="version.h">
      <Filter>Header Files</Filter>
    </ClInclude>
    <ClInclude Include="Types.h">
      <Filter>Header Files</Filter>
    </ClInclude>
  </ItemGroup>
  <ItemGroup>
    <ClCompile Include="dllmain.cpp">
      <Filter>Source Files</Filter>
    </ClCompile>
    <ClCompile Include="moc\DazMaxExporter_moc.cpp">
      <Filter>moc</Filter>
    </ClCompile>
    <ClCompile Include="geometry_processing.cpp">
      <Filter>Source Files\Scene Processing</Filter>
    </ClCompile>
    <ClCompile Include="material_processing.cpp">
      <Filter>Source Files\Scene Processing</Filter>
    </ClCompile>
    <ClCompile Include="skinning_data_processing.cpp">
      <Filter>Source Files\Scene Processing</Filter>
    </ClCompile>
    <ClCompile Include="MyDazExporter.cpp">
      <Filter>Source Files\Exporter</Filter>
    </ClCompile>
    <ClCompile Include="utilities.cpp">
      <Filter>Source Files\Exporter</Filter>
    </ClCompile>
    <ClCompile Include="SceneServer.cpp">
      <Filter>Source Files\Scene Server</Filter>
    </ClCompile>
    <ClCompile Include="moc\SceneServer_moc.cpp">
      <Filter>moc</Filter>
    </ClCompile>
  </ItemGroup>
  <ItemGroup>
    <None Include="DazMaxExporter.def">
      <Filter>Source Files</Filter>
    </None>
  </ItemGroup>
  <ItemGroup>
    <CustomBuild Include="DazMaxExporter.h">
      <Filter>Header Files</Filter>
    </CustomBuild>
    <CustomBuild Include="SceneServer.h">
      <Filter>Header Files</Filter>
    </CustomBuild>
  </ItemGroup>
</Project>